
Microsoft Visual Studio Solution File, Format Version 12.00
# Visual Studio Version 17
VisualStudioVersion = 17.13.35913.81 d17.13
MinimumVisualStudioVersion = 10.0.40219.1
Project("{FAE04EC0-301F-11D3-BF4B-00C04F79EFBC}") = "Fase4AndresOrozco", "arbolesbinarios\Fase4AndresOrozco.csproj", "{641C3C12-1F9F-4518-8C3B-96ADA741A255}"
EndProject
Global
	GlobalSection(SolutionConfigurationPlatforms) = preSolution
		Debug|Any CPU = Debug|Any CPU
		Release|Any CPU = Release|Any CPU
	EndGlobalSection
	GlobalSection(ProjectConfigurationPlatforms) = postSolution
		{641C3C12-1F9F-4518-8C3B-96ADA741A255}.Debug|Any CPU.ActiveCfg = Debug|Any CPU
		{641C3C12-1F9F-4518-8C3B-96ADA741A255}.Debug|Any CPU.Build.0 = Debug|Any CPU
		{641C3C12-1F9F-4518-8C3B-96ADA741A255}.Release|Any CPU.ActiveCfg = Release|Any CPU
		{641C3C12-1F9F-4518-8C3B-96ADA741A255}.Release|Any CPU.Build.0 = Release|Any CPU
	EndGlobalSection
	GlobalSection(SolutionProperties) = preSolution
		HideSolutionNode = FALSE
	EndGlobalSection
	GlobalSection(ExtensibilityGlobals) = postSolution
		SolutionGuid = {774E04D7-2F40-4A12-9623-9C04D85C7230}
	EndGlobalSection
EndGlobal
