
Microsoft Visual Studio Solution File, Format Version 12.00
# Visual Studio Version 17
VisualStudioVersion = 17.13.35825.156 d17.13
MinimumVisualStudioVersion = 10.0.40219.1
Project("{FAE04EC0-301F-11D3-BF4B-00C04F79EFBC}") = "Fase3JuanOrozco", "Fase3JuanOrozco\Fase3JuanOrozco.csproj", "{5C2C963D-A49D-44BD-818D-FBB98B601158}"
EndProject
Global
	GlobalSection(SolutionConfigurationPlatforms) = preSolution
		Debug|Any CPU = Debug|Any CPU
		Release|Any CPU = Release|Any CPU
	EndGlobalSection
	GlobalSection(ProjectConfigurationPlatforms) = postSolution
		{5C2C963D-A49D-44BD-818D-FBB98B601158}.Debug|Any CPU.ActiveCfg = Debug|Any CPU
		{5C2C963D-A49D-44BD-818D-FBB98B601158}.Debug|Any CPU.Build.0 = Debug|Any CPU
		{5C2C963D-A49D-44BD-818D-FBB98B601158}.Release|Any CPU.ActiveCfg = Release|Any CPU
		{5C2C963D-A49D-44BD-818D-FBB98B601158}.Release|Any CPU.Build.0 = Release|Any CPU
	EndGlobalSection
	GlobalSection(SolutionProperties) = preSolution
		HideSolutionNode = FALSE
	EndGlobalSection
	GlobalSection(ExtensibilityGlobals) = postSolution
		SolutionGuid = {1FE91EF2-4F48-4C3D-BC11-6C641E7A060C}
	EndGlobalSection
EndGlobal
